
Microsoft Visual Studio Solution File, Format Version 12.00
Project("{FAE04EC0-301F-11D3-BF4B-00C04F79EFBC}") = "IssueTracker.Core", "IssueTracker.Core\IssueTracker.Core.csproj", "{04557E55-7977-4AF2-8D0F-C7128078594E}"
EndProject
Project("{FAE04EC0-301F-11D3-BF4B-00C04F79EFBC}") = "IssueTracker", "IssueTracker\IssueTracker.csproj", "{FE1F30BF-ACE6-46C4-BF1C-283CAD995CD5}"
EndProject
Project("{FAE04EC0-301F-11D3-BF4B-00C04F79EFBC}") = "IssueTracker.Tests", "IssueTracker.Tests\IssueTracker.Tests.csproj", "{E80B9C11-333F-4F5A-A40A-62C16FC5C003}"
EndProject
Global
	GlobalSection(SolutionConfigurationPlatforms) = preSolution
		Debug|Any CPU = Debug|Any CPU
		Release|Any CPU = Release|Any CPU
	EndGlobalSection
	GlobalSection(ProjectConfigurationPlatforms) = postSolution
		{04557E55-7977-4AF2-8D0F-C7128078594E}.Debug|Any CPU.ActiveCfg = Debug|Any CPU
		{04557E55-7977-4AF2-8D0F-C7128078594E}.Debug|Any CPU.Build.0 = Debug|Any CPU
		{04557E55-7977-4AF2-8D0F-C7128078594E}.Release|Any CPU.ActiveCfg = Release|Any CPU
		{04557E55-7977-4AF2-8D0F-C7128078594E}.Release|Any CPU.Build.0 = Release|Any CPU
		{FE1F30BF-ACE6-46C4-BF1C-283CAD995CD5}.Debug|Any CPU.ActiveCfg = Debug|Any CPU
		{FE1F30BF-ACE6-46C4-BF1C-283CAD995CD5}.Debug|Any CPU.Build.0 = Debug|Any CPU
		{FE1F30BF-ACE6-46C4-BF1C-283CAD995CD5}.Release|Any CPU.ActiveCfg = Release|Any CPU
		{FE1F30BF-ACE6-46C4-BF1C-283CAD995CD5}.Release|Any CPU.Build.0 = Release|Any CPU
		{E80B9C11-333F-4F5A-A40A-62C16FC5C003}.Debug|Any CPU.ActiveCfg = Debug|Any CPU
		{E80B9C11-333F-4F5A-A40A-62C16FC5C003}.Debug|Any CPU.Build.0 = Debug|Any CPU
		{E80B9C11-333F-4F5A-A40A-62C16FC5C003}.Release|Any CPU.ActiveCfg = Release|Any CPU
		{E80B9C11-333F-4F5A-A40A-62C16FC5C003}.Release|Any CPU.Build.0 = Release|Any CPU
	EndGlobalSection
EndGlobal
